// !$*UTF8*$!
{
	archiveVersion = 1;
	classes = {
	};
	objectVersion = 46;
	objects = {

/* Begin PBXBuildFile section */
		2D6E6AA271DE4726563362BD /* Pods.framework in Frameworks */ = {isa = PBXBuildFile; fileRef = 760F8969BDB1272D1477D286 /* Pods.framework */; settings = {ATTRIBUTES = (Weak, ); }; };
		F40BA89C1BA8FD5A0084B725 /* AppDelegate.swift in Sources */ = {isa = PBXBuildFile; fileRef = F40BA89B1BA8FD5A0084B725 /* AppDelegate.swift */; };
		F40BA89E1BA8FD5A0084B725 /* ViewController.swift in Sources */ = {isa = PBXBuildFile; fileRef = F40BA89D1BA8FD5A0084B725 /* ViewController.swift */; };
		F40BA8A11BA8FD5A0084B725 /* Main.storyboard in Resources */ = {isa = PBXBuildFile; fileRef = F40BA89F1BA8FD5A0084B725 /* Main.storyboard */; };
		F40BA8A31BA8FD5A0084B725 /* Assets.xcassets in Resources */ = {isa = PBXBuildFile; fileRef = F40BA8A21BA8FD5A0084B725 /* Assets.xcassets */; };
		F40BA8A61BA8FD5A0084B725 /* LaunchScreen.storyboard in Resources */ = {isa = PBXBuildFile; fileRef = F40BA8A41BA8FD5A0084B725 /* LaunchScreen.storyboard */; };
		F40BA8B51BA904CA0084B725 /* TAKAlertView.swift in Sources */ = {isa = PBXBuildFile; fileRef = F40BA8B41BA904CA0084B725 /* TAKAlertView.swift */; settings = {ASSET_TAGS = (); }; };
/* End PBXBuildFile section */

/* Begin PBXFileReference section */
		57BEBD3DF8BAFD35476AE5B0 /* Pods.debug.xcconfig */ = {isa = PBXFileReference; includeInIndex = 1; lastKnownFileType = text.xcconfig; name = Pods.debug.xcconfig; path = "Pods/Target Support Files/Pods/Pods.debug.xcconfig"; sourceTree = "<group>"; };
		760F8969BDB1272D1477D286 /* Pods.framework */ = {isa = PBXFileReference; explicitFileType = wrapper.framework; includeInIndex = 0; path = Pods.framework; sourceTree = BUILT_PRODUCTS_DIR; };
		A3D2EEABCCBFCB984F2A5117 /* Pods.release.xcconfig */ = {isa = PBXFileReference; includeInIndex = 1; lastKnownFileType = text.xcconfig; name = Pods.release.xcconfig; path = "Pods/Target Support Files/Pods/Pods.release.xcconfig"; sourceTree = "<group>"; };
		F40BA8981BA8FD5A0084B725 /* TAKAlertSample.app */ = {isa = PBXFileReference; explicitFileType = wrapper.application; includeInIndex = 0; path = TAKAlertSample.app; sourceTree = BUILT_PRODUCTS_DIR; };
		F40BA89B1BA8FD5A0084B725 /* AppDelegate.swift */ = {isa = PBXFileReference; lastKnownFileType = sourcecode.swift; path = AppDelegate.swift; sourceTree = "<group>"; };
		F40BA89D1BA8FD5A0084B725 /* ViewController.swift */ = {isa = PBXFileReference; lastKnownFileType = sourcecode.swift; path = ViewController.swift; sourceTree = "<group>"; };
		F40BA8A01BA8FD5A0084B725 /* Base */ = {isa = PBXFileReference; lastKnownFileType = file.storyboard; name = Base; path = Base.lproj/Main.storyboard; sourceTree = "<group>"; };
		F40BA8A21BA8FD5A0084B725 /* Assets.xcassets */ = {isa = PBXFileReference; lastKnownFileType = folder.assetcatalog; path = Assets.xcassets; sourceTree = "<group>"; };
		F40BA8A51BA8FD5A0084B725 /* Base */ = {isa = PBXFileReference; lastKnownFileType = file.storyboard; name = Base; path = Base.lproj/LaunchScreen.storyboard; sourceTree = "<group>"; };
		F40BA8A71BA8FD5A0084B725 /* Info.plist */ = {isa = PBXFileReference; lastKnownFileType = text.plist.xml; path = Info.plist; sourceTree = "<group>"; };
		F40BA8B41BA904CA0084B725 /* TAKAlertView.swift */ = {isa = PBXFileReference; fileEncoding = 4; lastKnownFileType = sourcecode.swift; name = TAKAlertView.swift; path = ../../TAKAlertUtil/TAKAlertView.swift; sourceTree = "<group>"; };
/* End PBXFileReference section */

/* Begin PBXFrameworksBuildPhase section */
		F40BA8951BA8FD5A0084B725 /* Frameworks */ = {
			isa = PBXFrameworksBuildPhase;
			buildActionMask = 2147483647;
			files = (
				2D6E6AA271DE4726563362BD /* Pods.framework in Frameworks */,
			);
			runOnlyForDeploymentPostprocessing = 0;
		};
/* End PBXFrameworksBuildPhase section */

/* Begin PBXGroup section */
		47F88716CF266014FC09746B /* Pods */ = {
			isa = PBXGroup;
			children = (
				57BEBD3DF8BAFD35476AE5B0 /* Pods.debug.xcconfig */,
				A3D2EEABCCBFCB984F2A5117 /* Pods.release.xcconfig */,
			);
			name = Pods;
			sourceTree = "<group>";
		};
		644C81E4BDDDA7C85F591EE2 /* Frameworks */ = {
			isa = PBXGroup;
			children = (
				760F8969BDB1272D1477D286 /* Pods.framework */,
			);
			name = Frameworks;
			sourceTree = "<group>";
		};
		F40BA88F1BA8FD5A0084B725 = {
			isa = PBXGroup;
			children = (
				F40BA89A1BA8FD5A0084B725 /* TAKAlertSample */,
				F40BA8991BA8FD5A0084B725 /* Products */,
				47F88716CF266014FC09746B /* Pods */,
				644C81E4BDDDA7C85F591EE2 /* Frameworks */,
			);
			sourceTree = "<group>";
		};
		F40BA8991BA8FD5A0084B725 /* Products */ = {
			isa = PBXGroup;
			children = (
				F40BA8981BA8FD5A0084B725 /* TAKAlertSample.app */,
			);
			name = Products;
			sourceTree = "<group>";
		};
		F40BA89A1BA8FD5A0084B725 /* TAKAlertSample */ = {
			isa = PBXGroup;
			children = (
				F40BA89B1BA8FD5A0084B725 /* AppDelegate.swift */,
				F40BA89D1BA8FD5A0084B725 /* ViewController.swift */,
				F40BA8AD1BA8FD900084B725 /* TAKAlertUtil */,
				F40BA89F1BA8FD5A0084B725 /* Main.storyboard */,
				F40BA8A21BA8FD5A0084B725 /* Assets.xcassets */,
				F40BA8A41BA8FD5A0084B725 /* LaunchScreen.storyboard */,
				F40BA8A71BA8FD5A0084B725 /* Info.plist */,
			);
			path = TAKAlertSample;
			sourceTree = "<group>";
		};
		F40BA8AD1BA8FD900084B725 /* TAKAlertUtil */ = {
			isa = PBXGroup;
			children = (
				F40BA8B41BA904CA0084B725 /* TAKAlertView.swift */,
			);
			name = TAKAlertUtil;
			sourceTree = "<group>";
		};
/* End PBXGroup section */

/* Begin PBXNativeTarget section */
		F40BA8971BA8FD5A0084B725 /* TAKAlertSample */ = {
			isa = PBXNativeTarget;
			buildConfigurationList = F40BA8AA1BA8FD5A0084B725 /* Build configuration list for PBXNativeTarget "TAKAlertSample" */;
			buildPhases = (
				BC199219486BFD8536CF6055 /* Check Pods Manifest.lock */,
				F40BA8941BA8FD5A0084B725 /* Sources */,
				F40BA8951BA8FD5A0084B725 /* Frameworks */,
				F40BA8961BA8FD5A0084B725 /* Resources */,
				5AC858F7847FC688568D117E /* Embed Pods Frameworks */,
				523CB6C69246F2BA152FC7EE /* Copy Pods Resources */,
			);
			buildRules = (
			);
			dependencies = (
			);
			name = TAKAlertSample;
			productName = TAKAlertSample;
			productReference = F40BA8981BA8FD5A0084B725 /* TAKAlertSample.app */;
			productType = "com.apple.product-type.application";
		};
/* End PBXNativeTarget section */

/* Begin PBXProject section */
		F40BA8901BA8FD5A0084B725 /* Project object */ = {
			isa = PBXProject;
			attributes = {
				LastUpgradeCheck = 0700;
				ORGANIZATIONNAME = TakuNishimura;
				TargetAttributes = {
					F40BA8971BA8FD5A0084B725 = {
						CreatedOnToolsVersion = 7.0;
					};
				};
			};
			buildConfigurationList = F40BA8931BA8FD5A0084B725 /* Build configuration list for PBXProject "TAKAlertSample" */;
			compatibilityVersion = "Xcode 3.2";
			developmentRegion = English;
			hasScannedForEncodings = 0;
			knownRegions = (
				en,
				Base,
			);
			mainGroup = F40BA88F1BA8FD5A0084B725;
			productRefGroup = F40BA8991BA8FD5A0084B725 /* Products */;
			projectDirPath = "";
			projectRoot = "";
			targets = (
				F40BA8971BA8FD5A0084B725 /* TAKAlertSample */,
			);
		};
/* End PBXProject section */

/* Begin PBXResourcesBuildPhase section */
		F40BA8961BA8FD5A0084B725 /* Resources */ = {
			isa = PBXResourcesBuildPhase;
			buildActionMask = 2147483647;
			files = (
				F40BA8A61BA8FD5A0084B725 /* LaunchScreen.storyboard in Resources */,
				F40BA8A31BA8FD5A0084B725 /* Assets.xcassets in Resources */,
				F40BA8A11BA8FD5A0084B725 /* Main.storyboard in Resources */,
			);
			runOnlyForDeploymentPostprocessing = 0;
		};
/* End PBXResourcesBuildPhase section */

/* Begin PBXShellScriptBuildPhase section */
		523CB6C69246F2BA152FC7EE /* Copy Pods Resources */ = {
			isa = PBXShellScriptBuildPhase;
			buildActionMask = 2147483647;
			files = (
			);
			inputPaths = (
			);
			name = "Copy Pods Resources";
			outputPaths = (
			);
			runOnlyForDeploymentPostprocessing = 0;
			shellPath = /bin/sh;
			shellScript = "\"${SRCROOT}/Pods/Target Support Files/Pods/Pods-resources.sh\"\n";
			showEnvVarsInLog = 0;
		};
		5AC858F7847FC688568D117E /* Embed Pods Frameworks */ = {
			isa = PBXShellScriptBuildPhase;
			buildActionMask = 2147483647;
			files = (
			);
			inputPaths = (
			);
			name = "Embed Pods Frameworks";
			outputPaths = (
			);
			runOnlyForDeploymentPostprocessing = 0;
			shellPath = /bin/sh;
			shellScript = "\"${SRCROOT}/Pods/Target Support Files/Pods/Pods-frameworks.sh\"\n";
			showEnvVarsInLog = 0;
		};
		BC199219486BFD8536CF6055 /* Check Pods Manifest.lock */ = {
			isa = PBXShellScriptBuildPhase;
			buildActionMask = 2147483647;
			files = (
			);
			inputPaths = (
			);
			name = "Check Pods Manifest.lock";
			outputPaths = (
			);
			runOnlyForDeploymentPostprocessing = 0;
			shellPath = /bin/sh;
			shellScript = "diff \"${PODS_ROOT}/../Podfile.lock\" \"${PODS_ROOT}/Manifest.lock\" > /dev/null\nif [[ $? != 0 ]] ; then\n    cat << EOM\nerror: The sandbox is not in sync with the Podfile.lock. Run 'pod install' or update your CocoaPods installation.\nEOM\n    exit 1\nfi\n";
			showEnvVarsInLog = 0;
		};
/* End PBXShellScriptBuildPhase section */

/* Begin PBXSourcesBuildPhase section */
		F40BA8941BA8FD5A0084B725 /* Sources */ = {
			isa = PBXSourcesBuildPhase;
			buildActionMask = 2147483647;
			files = (
				F40BA8B51BA904CA0084B725 /* TAKAlertView.swift in Sources */,
				F40BA89E1BA8FD5A0084B725 /* ViewController.swift in Sources */,
				F40BA89C1BA8FD5A0084B725 /* AppDelegate.swift in Sources */,
			);
			runOnlyForDeploymentPostprocessing = 0;
		};
/* End PBXSourcesBuildPhase section */

/* Begin PBXVariantGroup section */
		F40BA89F1BA8FD5A0084B725 /* Main.storyboard */ = {
			isa = PBXVariantGroup;
			children = (
				F40BA8A01BA8FD5A0084B725 /* Base */,
			);
			name = Main.storyboard;
			sourceTree = "<group>";
		};
		F40BA8A41BA8FD5A0084B725 /* LaunchScreen.storyboard */ = {
			isa = PBXVariantGroup;
			children = (
				F40BA8A51BA8FD5A0084B725 /* Base */,
			);
			name = LaunchScreen.storyboard;
			sourceTree = "<group>";
		};
/* End PBXVariantGroup section */

/* Begin XCBuildConfiguration section */
		F40BA8A81BA8FD5A0084B725 /* Debug */ = {
			isa = XCBuildConfiguration;
			buildSettings = {
				ALWAYS_SEARCH_USER_PATHS = NO;
				CLANG_CXX_LANGUAGE_STANDARD = "gnu++0x";
				CLANG_CXX_LIBRARY = "libc++";
				CLANG_ENABLE_MODULES = YES;
				CLANG_ENABLE_OBJC_ARC = YES;
				CLANG_WARN_BOOL_CONVERSION = YES;
				CLANG_WARN_CONSTANT_CONVERSION = YES;
				CLANG_WARN_DIRECT_OBJC_ISA_USAGE = YES_ERROR;
				CLANG_WARN_EMPTY_BODY = YES;
				CLANG_WARN_ENUM_CONVERSION = YES;
				CLANG_WARN_INT_CONVERSION = YES;
				CLANG_WARN_OBJC_ROOT_CLASS = YES_ERROR;
				CLANG_WARN_UNREACHABLE_CODE = YES;
				CLANG_WARN__DUPLICATE_METHOD_MATCH = YES;
				"CODE_SIGN_IDENTITY[sdk=iphoneos*]" = "iPhone Developer";
				COPY_PHASE_STRIP = NO;
				DEBUG_INFORMATION_FORMAT = dwarf;
				ENABLE_STRICT_OBJC_MSGSEND = YES;
				ENABLE_TESTABILITY = YES;
				GCC_C_LANGUAGE_STANDARD = gnu99;
				GCC_DYNAMIC_NO_PIC = NO;
				GCC_NO_COMMON_BLOCKS = YES;
				GCC_OPTIMIZATION_LEVEL = 0;
				GCC_PREPROCESSOR_DEFINITIONS = (
					"DEBUG=1",
					"$(inherited)",
				);
				GCC_WARN_64_TO_32_BIT_CONVERSION = YES;
				GCC_WARN_ABOUT_RETURN_TYPE = YES_ERROR;
				GCC_WARN_UNDECLARED_SELECTOR = YES;
				GCC_WARN_UNINITIALIZED_AUTOS = YES_AGGRESSIVE;
				GCC_WARN_UNUSED_FUNCTION = YES;
				GCC_WARN_UNUSED_VARIABLE = YES;
				IPHONEOS_DEPLOYMENT_TARGET = 8.0;
				MTL_ENABLE_DEBUG_INFO = YES;
				ONLY_ACTIVE_ARCH = YES;
				SDKROOT = iphoneos;
				SWIFT_OPTIMIZATION_LEVEL = "-Onone";
			};
			name = Debug;
		};
		F40BA8A91BA8FD5A0084B725 /* Release */ = {
			isa = XCBuildConfiguration;
			buildSettings = {
				ALWAYS_SEARCH_USER_PATHS = NO;
				CLANG_CXX_LANGUAGE_STANDARD = "gnu++0x";
				CLANG_CXX_LIBRARY = "libc++";
				CLANG_ENABLE_MODULES = YES;
				CLANG_ENABLE_OBJC_ARC = YES;
				CLANG_WARN_BOOL_CONVERSION = YES;
				CLANG_WARN_CONSTANT_CONVERSION = YES;
				CLANG_WARN_DIRECT_OBJC_ISA_USAGE = YES_ERROR;
				CLANG_WARN_EMPTY_BODY = YES;
				CLANG_WARN_ENUM_CONVERSION = YES;
				CLANG_WARN_INT_CONVERSION = YES;
				CLANG_WARN_OBJC_ROOT_CLASS = YES_ERROR;
				CLANG_WARN_UNREACHABLE_CODE = YES;
				CLANG_WARN__DUPLICATE_METHOD_MATCH = YES;
				"CODE_SIGN_IDENTITY[sdk=iphoneos*]" = "iPhone Developer";
				COPY_PHASE_STRIP = NO;
				DEBUG_INFORMATION_FORMAT = "dwarf-with-dsym";
				ENABLE_NS_ASSERTIONS = NO;
				ENABLE_STRICT_OBJC_MSGSEND = YES;
				GCC_C_LANGUAGE_STANDARD = gnu99;
				GCC_NO_COMMON_BLOCKS = YES;
				GCC_WARN_64_TO_32_BIT_CONVERSION = YES;
				GCC_WARN_ABOUT_RETURN_TYPE = YES_ERROR;
				GCC_WARN_UNDECLARED_SELECTOR = YES;
				GCC_WARN_UNINITIALIZED_AUTOS = YES_AGGRESSIVE;
				GCC_WARN_UNUSED_FUNCTION = YES;
				GCC_WARN_UNUSED_VARIABLE = YES;
				IPHONEOS_DEPLOYMENT_TARGET = 8.0;
				MTL_ENABLE_DEBUG_INFO = NO;
				SDKROOT = iphoneos;
				VALIDATE_PRODUCT = YES;
			};
			name = Release;
		};
		F40BA8AB1BA8FD5A0084B725 /* Debug */ = {
			isa = XCBuildConfiguration;
			baseConfigurationReference = 57BEBD3DF8BAFD35476AE5B0 /* Pods.debug.xcconfig */;
			buildSettings = {
				ASSETCATALOG_COMPILER_APPICON_NAME = AppIcon;
				INFOPLIST_FILE = TAKAlertSample/Info.plist;
				LD_RUNPATH_SEARCH_PATHS = "$(inherited) @executable_path/Frameworks";
				PRODUCT_BUNDLE_IDENTIFIER = com.taktem.TAKAlertSample;
				PRODUCT_NAME = "$(TARGET_NAME)";
			};
			name = Debug;
		};
		F40BA8AC1BA8FD5A0084B725 /* Release */ = {
			isa = XCBuildConfiguration;
			baseConfigurationReference = A3D2EEABCCBFCB984F2A5117 /* Pods.release.xcconfig */;
			buildSettings = {
				ASSETCATALOG_COMPILER_APPICON_NAME = AppIcon;
				INFOPLIST_FILE = TAKAlertSample/Info.plist;
				LD_RUNPATH_SEARCH_PATHS = "$(inherited) @executable_path/Frameworks";
				PRODUCT_BUNDLE_IDENTIFIER = com.taktem.TAKAlertSample;
				PRODUCT_NAME = "$(TARGET_NAME)";
			};
			name = Release;
		};
/* End XCBuildConfiguration section */

/* Begin XCConfigurationList section */
		F40BA8931BA8FD5A0084B725 /* Build configuration list for PBXProject "TAKAlertSample" */ = {
			isa = XCConfigurationList;
			buildConfigurations = (
				F40BA8A81BA8FD5A0084B725 /* Debug */,
				F40BA8A91BA8FD5A0084B725 /* Release */,
			);
			defaultConfigurationIsVisible = 0;
			defaultConfigurationName = Release;
		};
		F40BA8AA1BA8FD5A0084B725 /* Build configuration list for PBXNativeTarget "TAKAlertSample" */ = {
			isa = XCConfigurationList;
			buildConfigurations = (
				F40BA8AB1BA8FD5A0084B725 /* Debug */,
				F40BA8AC1BA8FD5A0084B725 /* Release */,
			);
			defaultConfigurationIsVisible = 0;
			defaultConfigurationName = Release;
		};
/* End XCConfigurationList section */
	};
	rootObject = F40BA8901BA8FD5A0084B725 /* Project object */;
}
